// !$*UTF8*$!
{
	archiveVersion = 1;
	classes = {
	};
	objectVersion = 46;
	objects = {

/* Begin PBXBuildFile section */
		2965FBDF1A3B4D18007C645E /* AppDelegate.swift in Sources */ = {isa = PBXBuildFile; fileRef = 2965FBDE1A3B4D18007C645E /* AppDelegate.swift */; };
		2965FBE11A3B4D18007C645E /* ViewController.swift in Sources */ = {isa = PBXBuildFile; fileRef = 2965FBE01A3B4D18007C645E /* ViewController.swift */; };
		2965FBE41A3B4D19007C645E /* Main.storyboard in Resources */ = {isa = PBXBuildFile; fileRef = 2965FBE21A3B4D19007C645E /* Main.storyboard */; };
		2965FBE61A3B4D19007C645E /* Images.xcassets in Resources */ = {isa = PBXBuildFile; fileRef = 2965FBE51A3B4D19007C645E /* Images.xcassets */; };
		2965FBE91A3B4D19007C645E /* LaunchScreen.xib in Resources */ = {isa = PBXBuildFile; fileRef = 2965FBE71A3B4D19007C645E /* LaunchScreen.xib */; };
		2965FBF51A3B4D19007C645E /* PostcardTests.swift in Sources */ = {isa = PBXBuildFile; fileRef = 2965FBF41A3B4D19007C645E /* PostcardTests.swift */; };
		2965FBFF1A3B570E007C645E /* Bo.jpg in Resources */ = {isa = PBXBuildFile; fileRef = 2965FBFE1A3B570E007C645E /* Bo.jpg */; };
		2965FC011A3B64D0007C645E /* 24.jpg in Resources */ = {isa = PBXBuildFile; fileRef = 2965FC001A3B64D0007C645E /* 24.jpg */; };
/* End PBXBuildFile section */

/* Begin PBXContainerItemProxy section */
		2965FBEF1A3B4D19007C645E /* PBXContainerItemProxy */ = {
			isa = PBXContainerItemProxy;
			containerPortal = 2965FBD11A3B4D18007C645E /* Project object */;
			proxyType = 1;
			remoteGlobalIDString = 2965FBD81A3B4D18007C645E;
			remoteInfo = Postcard;
		};
/* End PBXContainerItemProxy section */

/* Begin PBXFileReference section */
		2965FBD91A3B4D18007C645E /* Postcard.app */ = {isa = PBXFileReference; explicitFileType = wrapper.application; includeInIndex = 0; path = Postcard.app; sourceTree = BUILT_PRODUCTS_DIR; };
		2965FBDD1A3B4D18007C645E /* Info.plist */ = {isa = PBXFileReference; lastKnownFileType = text.plist.xml; path = Info.plist; sourceTree = "<group>"; };
		2965FBDE1A3B4D18007C645E /* AppDelegate.swift */ = {isa = PBXFileReference; lastKnownFileType = sourcecode.swift; path = AppDelegate.swift; sourceTree = "<group>"; };
		2965FBE01A3B4D18007C645E /* ViewController.swift */ = {isa = PBXFileReference; lastKnownFileType = sourcecode.swift; path = ViewController.swift; sourceTree = "<group>"; };
		2965FBE31A3B4D19007C645E /* Base */ = {isa = PBXFileReference; lastKnownFileType = file.storyboard; name = Base; path = Base.lproj/Main.storyboard; sourceTree = "<group>"; };
		2965FBE51A3B4D19007C645E /* Images.xcassets */ = {isa = PBXFileReference; lastKnownFileType = folder.assetcatalog; path = Images.xcassets; sourceTree = "<group>"; };
		2965FBE81A3B4D19007C645E /* Base */ = {isa = PBXFileReference; lastKnownFileType = file.xib; name = Base; path = Base.lproj/LaunchScreen.xib; sourceTree = "<group>"; };
		2965FBEE1A3B4D19007C645E /* PostcardTests.xctest */ = {isa = PBXFileReference; explicitFileType = wrapper.cfbundle; includeInIndex = 0; path = PostcardTests.xctest; sourceTree = BUILT_PRODUCTS_DIR; };
		2965FBF31A3B4D19007C645E /* Info.plist */ = {isa = PBXFileReference; lastKnownFileType = text.plist.xml; path = Info.plist; sourceTree = "<group>"; };
		2965FBF41A3B4D19007C645E /* PostcardTests.swift */ = {isa = PBXFileReference; lastKnownFileType = sourcecode.swift; path = PostcardTests.swift; sourceTree = "<group>"; };
		2965FBFE1A3B570E007C645E /* Bo.jpg */ = {isa = PBXFileReference; lastKnownFileType = image.jpeg; path = Bo.jpg; sourceTree = "<group>"; };
		2965FC001A3B64D0007C645E /* 24.jpg */ = {isa = PBXFileReference; lastKnownFileType = image.jpeg; path = 24.jpg; sourceTree = "<group>"; };
/* End PBXFileReference section */

/* Begin PBXFrameworksBuildPhase section */
		2965FBD61A3B4D18007C645E /* Frameworks */ = {
			isa = PBXFrameworksBuildPhase;
			buildActionMask = 2147483647;
			files = (
			);
			runOnlyForDeploymentPostprocessing = 0;
		};
		2965FBEB1A3B4D19007C645E /* Frameworks */ = {
			isa = PBXFrameworksBuildPhase;
			buildActionMask = 2147483647;
			files = (
			);
			runOnlyForDeploymentPostprocessing = 0;
		};
/* End PBXFrameworksBuildPhase section */

/* Begin PBXGroup section */
		2965FBD01A3B4D18007C645E = {
			isa = PBXGroup;
			children = (
				2965FBDB1A3B4D18007C645E /* Postcard */,
				2965FBF11A3B4D19007C645E /* PostcardTests */,
				2965FBDA1A3B4D18007C645E /* Products */,
				2965FBE21A3B4D19007C645E /* Main.storyboard */,
			);
			sourceTree = "<group>";
		};
		2965FBDA1A3B4D18007C645E /* Products */ = {
			isa = PBXGroup;
			children = (
				2965FBD91A3B4D18007C645E /* Postcard.app */,
				2965FBEE1A3B4D19007C645E /* PostcardTests.xctest */,
			);
			name = Products;
			sourceTree = "<group>";
		};
		2965FBDB1A3B4D18007C645E /* Postcard */ = {
			isa = PBXGroup;
			children = (
				2965FBDE1A3B4D18007C645E /* AppDelegate.swift */,
				2965FBE01A3B4D18007C645E /* ViewController.swift */,
				2965FBE51A3B4D19007C645E /* Images.xcassets */,
				2965FBE71A3B4D19007C645E /* LaunchScreen.xib */,
				2965FBDC1A3B4D18007C645E /* Supporting Files */,
			);
			path = Postcard;
			sourceTree = "<group>";
		};
		2965FBDC1A3B4D18007C645E /* Supporting Files */ = {
			isa = PBXGroup;
			children = (
				2965FC001A3B64D0007C645E /* 24.jpg */,
				2965FBDD1A3B4D18007C645E /* Info.plist */,
				2965FBFE1A3B570E007C645E /* Bo.jpg */,
			);
			name = "Supporting Files";
			sourceTree = "<group>";
		};
		2965FBF11A3B4D19007C645E /* PostcardTests */ = {
			isa = PBXGroup;
			children = (
				2965FBF41A3B4D19007C645E /* PostcardTests.swift */,
				2965FBF21A3B4D19007C645E /* Supporting Files */,
			);
			path = PostcardTests;
			sourceTree = "<group>";
		};
		2965FBF21A3B4D19007C645E /* Supporting Files */ = {
			isa = PBXGroup;
			children = (
				2965FBF31A3B4D19007C645E /* Info.plist */,
			);
			name = "Supporting Files";
			sourceTree = "<group>";
		};
/* End PBXGroup section */

/* Begin PBXNativeTarget section */
		2965FBD81A3B4D18007C645E /* Postcard */ = {
			isa = PBXNativeTarget;
			buildConfigurationList = 2965FBF81A3B4D19007C645E /* Build configuration list for PBXNativeTarget "Postcard" */;
			buildPhases = (
				2965FBD51A3B4D18007C645E /* Sources */,
				2965FBD61A3B4D18007C645E /* Frameworks */,
				2965FBD71A3B4D18007C645E /* Resources */,
			);
			buildRules = (
			);
			dependencies = (
			);
			name = Postcard;
			productName = Postcard;
			productReference = 2965FBD91A3B4D18007C645E /* Postcard.app */;
			productType = "com.apple.product-type.application";
		};
		2965FBED1A3B4D19007C645E /* PostcardTests */ = {
			isa = PBXNativeTarget;
			buildConfigurationList = 2965FBFB1A3B4D19007C645E /* Build configuration list for PBXNativeTarget "PostcardTests" */;
			buildPhases = (
				2965FBEA1A3B4D19007C645E /* Sources */,
				2965FBEB1A3B4D19007C645E /* Frameworks */,
				2965FBEC1A3B4D19007C645E /* Resources */,
			);
			buildRules = (
			);
			dependencies = (
				2965FBF01A3B4D19007C645E /* PBXTargetDependency */,
			);
			name = PostcardTests;
			productName = PostcardTests;
			productReference = 2965FBEE1A3B4D19007C645E /* PostcardTests.xctest */;
			productType = "com.apple.product-type.bundle.unit-test";
		};
/* End PBXNativeTarget section */

/* Begin PBXProject section */
		2965FBD11A3B4D18007C645E /* Project object */ = {
			isa = PBXProject;
			attributes = {
				LastUpgradeCheck = 0610;
				ORGANIZATIONNAME = Lazarus;
				TargetAttributes = {
					2965FBD81A3B4D18007C645E = {
						CreatedOnToolsVersion = 6.1.1;
					};
					2965FBED1A3B4D19007C645E = {
						CreatedOnToolsVersion = 6.1.1;
						TestTargetID = 2965FBD81A3B4D18007C645E;
					};
				};
			};
			buildConfigurationList = 2965FBD41A3B4D18007C645E /* Build configuration list for PBXProject "Postcard" */;
			compatibilityVersion = "Xcode 3.2";
			developmentRegion = English;
			hasScannedForEncodings = 0;
			knownRegions = (
				en,
				Base,
			);
			mainGroup = 2965FBD01A3B4D18007C645E;
			productRefGroup = 2965FBDA1A3B4D18007C645E /* Products */;
			projectDirPath = "";
			projectRoot = "";
			targets = (
				2965FBD81A3B4D18007C645E /* Postcard */,
				2965FBED1A3B4D19007C645E /* PostcardTests */,
			);
		};
/* End PBXProject section */

/* Begin PBXResourcesBuildPhase section */
		2965FBD71A3B4D18007C645E /* Resources */ = {
			isa = PBXResourcesBuildPhase;
			buildActionMask = 2147483647;
			files = (
				2965FC011A3B64D0007C645E /* 24.jpg in Resources */,
				2965FBE41A3B4D19007C645E /* Main.storyboard in Resources */,
				2965FBE91A3B4D19007C645E /* LaunchScreen.xib in Resources */,
				2965FBFF1A3B570E007C645E /* Bo.jpg in Resources */,
				2965FBE61A3B4D19007C645E /* Images.xcassets in Resources */,
			);
			runOnlyForDeploymentPostprocessing = 0;
		};
		2965FBEC1A3B4D19007C645E /* Resources */ = {
			isa = PBXResourcesBuildPhase;
			buildActionMask = 2147483647;
			files = (
			);
			runOnlyForDeploymentPostprocessing = 0;
		};
/* End PBXResourcesBuildPhase section */

/* Begin PBXSourcesBuildPhase section */
		2965FBD51A3B4D18007C645E /* Sources */ = {
			isa = PBXSourcesBuildPhase;
			buildActionMask = 2147483647;
			files = (
				2965FBE11A3B4D18007C645E /* ViewController.swift in Sources */,
				2965FBDF1A3B4D18007C645E /* AppDelegate.swift in Sources */,
			);
			runOnlyForDeploymentPostprocessing = 0;
		};
		2965FBEA1A3B4D19007C645E /* Sources */ = {
			isa = PBXSourcesBuildPhase;
			buildActionMask = 2147483647;
			files = (
				2965FBF51A3B4D19007C645E /* PostcardTests.swift in Sources */,
			);
			runOnlyForDeploymentPostprocessing = 0;
		};
/* End PBXSourcesBuildPhase section */

/* Begin PBXTargetDependency section */
		2965FBF01A3B4D19007C645E /* PBXTargetDependency */ = {
			isa = PBXTargetDependency;
			target = 2965FBD81A3B4D18007C645E /* Postcard */;
			targetProxy = 2965FBEF1A3B4D19007C645E /* PBXContainerItemProxy */;
		};
/* End PBXTargetDependency section */

/* Begin PBXVariantGroup section */
		2965FBE21A3B4D19007C645E /* Main.storyboard */ = {
			isa = PBXVariantGroup;
			children = (
				2965FBE31A3B4D19007C645E /* Base */,
			);
			name = Main.storyboard;
			path = Postcard;
			sourceTree = "<group>";
		};
		2965FBE71A3B4D19007C645E /* LaunchScreen.xib */ = {
			isa = PBXVariantGroup;
			children = (
				2965FBE81A3B4D19007C645E /* Base */,
			);
			name = LaunchScreen.xib;
			sourceTree = "<group>";
		};
/* End PBXVariantGroup section */

/* Begin XCBuildConfiguration section */
		2965FBF61A3B4D19007C645E /* Debug */ = {
			isa = XCBuildConfiguration;
			buildSettings = {
				ALWAYS_SEARCH_USER_PATHS = NO;
				CLANG_CXX_LANGUAGE_STANDARD = "gnu++0x";
				CLANG_CXX_LIBRARY = "libc++";
				CLANG_ENABLE_MODULES = YES;
				CLANG_ENABLE_OBJC_ARC = YES;
				CLANG_WARN_BOOL_CONVERSION = YES;
				CLANG_WARN_CONSTANT_CONVERSION = YES;
				CLANG_WARN_DIRECT_OBJC_ISA_USAGE = YES_ERROR;
				CLANG_WARN_EMPTY_BODY = YES;
				CLANG_WARN_ENUM_CONVERSION = YES;
				CLANG_WARN_INT_CONVERSION = YES;
				CLANG_WARN_OBJC_ROOT_CLASS = YES_ERROR;
				CLANG_WARN_UNREACHABLE_CODE = YES;
				CLANG_WARN__DUPLICATE_METHOD_MATCH = YES;
				"CODE_SIGN_IDENTITY[sdk=iphoneos*]" = "iPhone Developer";
				COPY_PHASE_STRIP = NO;
				ENABLE_STRICT_OBJC_MSGSEND = YES;
				GCC_C_LANGUAGE_STANDARD = gnu99;
				GCC_DYNAMIC_NO_PIC = NO;
				GCC_OPTIMIZATION_LEVEL = 0;
				GCC_PREPROCESSOR_DEFINITIONS = (
					"DEBUG=1",
					"$(inherited)",
				);
				GCC_SYMBOLS_PRIVATE_EXTERN = NO;
				GCC_WARN_64_TO_32_BIT_CONVERSION = YES;
				GCC_WARN_ABOUT_RETURN_TYPE = YES_ERROR;
				GCC_WARN_UNDECLARED_SELECTOR = YES;
				GCC_WARN_UNINITIALIZED_AUTOS = YES_AGGRESSIVE;
				GCC_WARN_UNUSED_FUNCTION = YES;
				GCC_WARN_UNUSED_VARIABLE = YES;
				IPHONEOS_DEPLOYMENT_TARGET = 8.1;
				MTL_ENABLE_DEBUG_INFO = YES;
				ONLY_ACTIVE_ARCH = YES;
				SDKROOT = iphoneos;
				SWIFT_OPTIMIZATION_LEVEL = "-Onone";
				TARGETED_DEVICE_FAMILY = "1,2";
			};
			name = Debug;
		};
		2965FBF71A3B4D19007C645E /* Release */ = {
			isa = XCBuildConfiguration;
			buildSettings = {
				ALWAYS_SEARCH_USER_PATHS = NO;
				CLANG_CXX_LANGUAGE_STANDARD = "gnu++0x";
				CLANG_CXX_LIBRARY = "libc++";
				CLANG_ENABLE_MODULES = YES;
				CLANG_ENABLE_OBJC_ARC = YES;
				CLANG_WARN_BOOL_CONVERSION = YES;
				CLANG_WARN_CONSTANT_CONVERSION = YES;
				CLANG_WARN_DIRECT_OBJC_ISA_USAGE = YES_ERROR;
				CLANG_WARN_EMPTY_BODY = YES;
				CLANG_WARN_ENUM_CONVERSION = YES;
				CLANG_WARN_INT_CONVERSION = YES;
				CLANG_WARN_OBJC_ROOT_CLASS = YES_ERROR;
				CLANG_WARN_UNREACHABLE_CODE = YES;
				CLANG_WARN__DUPLICATE_METHOD_MATCH = YES;
				"CODE_SIGN_IDENTITY[sdk=iphoneos*]" = "iPhone Developer";
				COPY_PHASE_STRIP = YES;
				ENABLE_NS_ASSERTIONS = NO;
				ENABLE_STRICT_OBJC_MSGSEND = YES;
				GCC_C_LANGUAGE_STANDARD = gnu99;
				GCC_WARN_64_TO_32_BIT_CONVERSION = YES;
				GCC_WARN_ABOUT_RETURN_TYPE = YES_ERROR;
				GCC_WARN_UNDECLARED_SELECTOR = YES;
				GCC_WARN_UNINITIALIZED_AUTOS = YES_AGGRESSIVE;
				GCC_WARN_UNUSED_FUNCTION = YES;
				GCC_WARN_UNUSED_VARIABLE = YES;
				IPHONEOS_DEPLOYMENT_TARGET = 8.1;
				MTL_ENABLE_DEBUG_INFO = NO;
				SDKROOT = iphoneos;
				TARGETED_DEVICE_FAMILY = "1,2";
				VALIDATE_PRODUCT = YES;
			};
			name = Release;
		};
		2965FBF91A3B4D19007C645E /* Debug */ = {
			isa = XCBuildConfiguration;
			buildSettings = {
				ASSETCATALOG_COMPILER_APPICON_NAME = AppIcon;
				INFOPLIST_FILE = Postcard/Info.plist;
				LD_RUNPATH_SEARCH_PATHS = "$(inherited) @executable_path/Frameworks";
				PRODUCT_NAME = "$(TARGET_NAME)";
			};
			name = Debug;
		};
		2965FBFA1A3B4D19007C645E /* Release */ = {
			isa = XCBuildConfiguration;
			buildSettings = {
				ASSETCATALOG_COMPILER_APPICON_NAME = AppIcon;
				INFOPLIST_FILE = Postcard/Info.plist;
				LD_RUNPATH_SEARCH_PATHS = "$(inherited) @executable_path/Frameworks";
				PRODUCT_NAME = "$(TARGET_NAME)";
			};
			name = Release;
		};
		2965FBFC1A3B4D19007C645E /* Debug */ = {
			isa = XCBuildConfiguration;
			buildSettings = {
				BUNDLE_LOADER = "$(TEST_HOST)";
				FRAMEWORK_SEARCH_PATHS = (
					"$(SDKROOT)/Developer/Library/Frameworks",
					"$(inherited)",
				);
				GCC_PREPROCESSOR_DEFINITIONS = (
					"DEBUG=1",
					"$(inherited)",
				);
				INFOPLIST_FILE = PostcardTests/Info.plist;
				LD_RUNPATH_SEARCH_PATHS = "$(inherited) @executable_path/Frameworks @loader_path/Frameworks";
				PRODUCT_NAME = "$(TARGET_NAME)";
				TEST_HOST = "$(BUILT_PRODUCTS_DIR)/Postcard.app/Postcard";
			};
			name = Debug;
		};
		2965FBFD1A3B4D19007C645E /* Release */ = {
			isa = XCBuildConfiguration;
			buildSettings = {
				BUNDLE_LOADER = "$(TEST_HOST)";
				FRAMEWORK_SEARCH_PATHS = (
					"$(SDKROOT)/Developer/Library/Frameworks",
					"$(inherited)",
				);
				INFOPLIST_FILE = PostcardTests/Info.plist;
				LD_RUNPATH_SEARCH_PATHS = "$(inherited) @executable_path/Frameworks @loader_path/Frameworks";
				PRODUCT_NAME = "$(TARGET_NAME)";
				TEST_HOST = "$(BUILT_PRODUCTS_DIR)/Postcard.app/Postcard";
			};
			name = Release;
		};
/* End XCBuildConfiguration section */

/* Begin XCConfigurationList section */
		2965FBD41A3B4D18007C645E /* Build configuration list for PBXProject "Postcard" */ = {
			isa = XCConfigurationList;
			buildConfigurations = (
				2965FBF61A3B4D19007C645E /* Debug */,
				2965FBF71A3B4D19007C645E /* Release */,
			);
			defaultConfigurationIsVisible = 0;
			defaultConfigurationName = Release;
		};
		2965FBF81A3B4D19007C645E /* Build configuration list for PBXNativeTarget "Postcard" */ = {
			isa = XCConfigurationList;
			buildConfigurations = (
				2965FBF91A3B4D19007C645E /* Debug */,
				2965FBFA1A3B4D19007C645E /* Release */,
			);
			defaultConfigurationIsVisible = 0;
		};
		2965FBFB1A3B4D19007C645E /* Build configuration list for PBXNativeTarget "PostcardTests" */ = {
			isa = XCConfigurationList;
			buildConfigurations = (
				2965FBFC1A3B4D19007C645E /* Debug */,
				2965FBFD1A3B4D19007C645E /* Release */,
			);
			defaultConfigurationIsVisible = 0;
		};
/* End XCConfigurationList section */
	};
	rootObject = 2965FBD11A3B4D18007C645E /* Project object */;
}
